
Microsoft Visual Studio Solution File, Format Version 12.00
# Visual Studio Version 17
VisualStudioVersion = 17.10.35027.167
MinimumVisualStudioVersion = 10.0.40219.1
Project("{FAE04EC0-301F-11D3-BF4B-00C04F79EFBC}") = "EnfermeriaProject", "EnfermeriaProject\EnfermeriaProject.csproj", "{C30034FF-8B3F-42D7-8456-0E04A0B59FF7}"
EndProject
Project("{FAE04EC0-301F-11D3-BF4B-00C04F79EFBC}") = "NurseProyect.DataAcces", "NurseProyect.DataAcces\NurseProyect.DataAcces.csproj", "{45FB1BBD-2693-4987-96E0-E5FC2D0E7D64}"
EndProject
Project("{FAE04EC0-301F-11D3-BF4B-00C04F79EFBC}") = "NurseProyect.Models", "NurseProyect.Models\NurseProyect.Models.csproj", "{EDD13387-192C-4AE2-B7F3-A050437F4334}"
EndProject
Project("{FAE04EC0-301F-11D3-BF4B-00C04F79EFBC}") = "NurseProyect.Utilities", "NurseProyect.Utilities\NurseProyect.Utilities.csproj", "{AD5AB22A-70B1-4BB8-8FF4-22B9EA62E34F}"
EndProject
Global
	GlobalSection(SolutionConfigurationPlatforms) = preSolution
		Debug|Any CPU = Debug|Any CPU
		Release|Any CPU = Release|Any CPU
	EndGlobalSection
	GlobalSection(ProjectConfigurationPlatforms) = postSolution
		{C30034FF-8B3F-42D7-8456-0E04A0B59FF7}.Debug|Any CPU.ActiveCfg = Debug|Any CPU
		{C30034FF-8B3F-42D7-8456-0E04A0B59FF7}.Debug|Any CPU.Build.0 = Debug|Any CPU
		{C30034FF-8B3F-42D7-8456-0E04A0B59FF7}.Release|Any CPU.ActiveCfg = Release|Any CPU
		{C30034FF-8B3F-42D7-8456-0E04A0B59FF7}.Release|Any CPU.Build.0 = Release|Any CPU
		{45FB1BBD-2693-4987-96E0-E5FC2D0E7D64}.Debug|Any CPU.ActiveCfg = Debug|Any CPU
		{45FB1BBD-2693-4987-96E0-E5FC2D0E7D64}.Debug|Any CPU.Build.0 = Debug|Any CPU
		{45FB1BBD-2693-4987-96E0-E5FC2D0E7D64}.Release|Any CPU.ActiveCfg = Release|Any CPU
		{45FB1BBD-2693-4987-96E0-E5FC2D0E7D64}.Release|Any CPU.Build.0 = Release|Any CPU
		{EDD13387-192C-4AE2-B7F3-A050437F4334}.Debug|Any CPU.ActiveCfg = Debug|Any CPU
		{EDD13387-192C-4AE2-B7F3-A050437F4334}.Debug|Any CPU.Build.0 = Debug|Any CPU
		{EDD13387-192C-4AE2-B7F3-A050437F4334}.Release|Any CPU.ActiveCfg = Release|Any CPU
		{EDD13387-192C-4AE2-B7F3-A050437F4334}.Release|Any CPU.Build.0 = Release|Any CPU
		{AD5AB22A-70B1-4BB8-8FF4-22B9EA62E34F}.Debug|Any CPU.ActiveCfg = Debug|Any CPU
		{AD5AB22A-70B1-4BB8-8FF4-22B9EA62E34F}.Debug|Any CPU.Build.0 = Debug|Any CPU
		{AD5AB22A-70B1-4BB8-8FF4-22B9EA62E34F}.Release|Any CPU.ActiveCfg = Release|Any CPU
		{AD5AB22A-70B1-4BB8-8FF4-22B9EA62E34F}.Release|Any CPU.Build.0 = Release|Any CPU
	EndGlobalSection
	GlobalSection(SolutionProperties) = preSolution
		HideSolutionNode = FALSE
	EndGlobalSection
	GlobalSection(ExtensibilityGlobals) = postSolution
		SolutionGuid = {0BAD5D5D-AB2F-42F4-AE39-435C5A4A0372}
	EndGlobalSection
EndGlobal
